
Microsoft Visual Studio Solution File, Format Version 12.00
# Visual Studio Version 17
VisualStudioVersion = 17.0.31903.59
MinimumVisualStudioVersion = 10.0.40219.1
Project("{2150E333-8FDC-42A3-9474-1A3956D46DE8}") = "framework", "framework", "{D61CDC5E-83BC-4161-BF8D-7D5AB4ADF69C}"
EndProject
Project("{2150E333-8FDC-42A3-9474-1A3956D46DE8}") = "src", "src", "{B4671DAC-FBD9-40A9-B713-DB18A1389F8B}"
EndProject
Project("{2150E333-8FDC-42A3-9474-1A3956D46DE8}") = "Solution Items", "Solution Items", "{15857734-AD7F-4641-8F68-1BCDF58758C1}"
	ProjectSection(SolutionItems) = preProject
		.editorconfig = .editorconfig
		.gitattributes = .gitattributes
		.gitignore = .gitignore
		.prettierrc = .prettierrc
		Directory.Build.props = Directory.Build.props
		inara.png = inara.png
		LICENSE = LICENSE
		README.md = README.md
		version.json = version.json
	EndProjectSection
EndProject
Project("{FAE04EC0-301F-11D3-BF4B-00C04F79EFBC}") = "Inara.Abp", "framework\src\Inara.Abp\Inara.Abp.csproj", "{6ABC41FC-0E66-4FDD-9C03-54D0E93B5157}"
EndProject
Project("{FAE04EC0-301F-11D3-BF4B-00C04F79EFBC}") = "Inara.Abp.AspNetCore", "framework\src\Inara.Abp.AspNetCore\Inara.Abp.AspNetCore.csproj", "{27D394E2-F4F7-4BF3-A3F1-665DB932179D}"
EndProject
Project("{FAE04EC0-301F-11D3-BF4B-00C04F79EFBC}") = "Inara.Abp.EntityFrameworkCore", "framework\src\Inara.Abp.EntityFrameworkCore\Inara.Abp.EntityFrameworkCore.csproj", "{D5E6F1D6-8387-4F24-A13F-BEAB7C80919A}"
EndProject
Project("{FAE04EC0-301F-11D3-BF4B-00C04F79EFBC}") = "Inara.Abp.IdGeneration.Application", "framework\src\Inara.Abp.IdGeneration.Application\Inara.Abp.IdGeneration.Application.csproj", "{80056F18-E45A-4AE6-8237-4015F304D462}"
EndProject
Project("{FAE04EC0-301F-11D3-BF4B-00C04F79EFBC}") = "Inara.Abp.IdGeneration.Application.Contracts", "framework\src\Inara.Abp.IdGeneration.Application.Contracts\Inara.Abp.IdGeneration.Application.Contracts.csproj", "{DF4EC2D7-E83E-48C3-8271-53ED858D73EA}"
EndProject
Project("{FAE04EC0-301F-11D3-BF4B-00C04F79EFBC}") = "Inara.Abp.Logging", "framework\src\Inara.Abp.Logging\Inara.Abp.Logging.csproj", "{8BAFEC87-4E78-4D4D-9864-B23EBB48FAB3}"
EndProject
Project("{FAE04EC0-301F-11D3-BF4B-00C04F79EFBC}") = "Inara.Abp.Logging.WebAssembly", "framework\src\Inara.Abp.Logging.WebAssembly\Inara.Abp.Logging.WebAssembly.csproj", "{176662A8-1F21-4300-AC6F-00DFEEFB0DB7}"
EndProject
Project("{FAE04EC0-301F-11D3-BF4B-00C04F79EFBC}") = "Inara.Abp.Microservice", "framework\src\Inara.Abp.Microservices\Inara.Abp.Microservice.csproj", "{77576A5B-CB27-433F-8523-8AB80F5D1C58}"
EndProject
Project("{FAE04EC0-301F-11D3-BF4B-00C04F79EFBC}") = "Inara.Abp.OpenApi", "framework\src\Inara.Abp.OpenApi\Inara.Abp.OpenApi.csproj", "{3C213158-8053-4BC2-98E7-F4BA48E7E608}"
EndProject
Project("{FAE04EC0-301F-11D3-BF4B-00C04F79EFBC}") = "Inara.Abp.OpenIddict", "framework\src\Inara.Abp.OpenIddict\Inara.Abp.OpenIddict.csproj", "{7E4ABB9D-2623-434C-88C7-FE8038D721D8}"
EndProject
Project("{FAE04EC0-301F-11D3-BF4B-00C04F79EFBC}") = "Inara.Icons.FontAwesome.Free", "framework\src\Inara.Icons.FontAwesome.Free\Inara.Icons.FontAwesome.Free.csproj", "{ABEABC49-C230-4DA1-B574-4658C8A6219B}"
EndProject
Project("{FAE04EC0-301F-11D3-BF4B-00C04F79EFBC}") = "Inara.Icons.FontAwesome.Pro", "framework\src\Inara.Icons.FontAwesome.Pro\Inara.Icons.FontAwesome.Pro.csproj", "{015D3EE6-165A-47F8-AF8A-04E0B11B7F0A}"
EndProject
Project("{FAE04EC0-301F-11D3-BF4B-00C04F79EFBC}") = "Inara.Icons.Generator", "framework\src\Inara.Icons.Generator\Inara.Icons.Generator.csproj", "{00053C00-1716-4594-9BC0-0884AF45B8C6}"
EndProject
Project("{2150E333-8FDC-42A3-9474-1A3956D46DE8}") = "modules", "modules", "{BC31D937-DA6B-429A-B9CD-E05BA81FAF90}"
EndProject
Project("{2150E333-8FDC-42A3-9474-1A3956D46DE8}") = "openid", "openid", "{DF441E07-160A-4B84-9E80-A44D2FFB2FF1}"
EndProject
Project("{FAE04EC0-301F-11D3-BF4B-00C04F79EFBC}") = "Inara.Abp.OpenId.Application.Contracts", "modules\openid\Inara.Abp.OpenId.Application.Contracts\Inara.Abp.OpenId.Application.Contracts.csproj", "{29C917BB-A4B3-4125-A45E-3395F24D01DB}"
EndProject
Project("{FAE04EC0-301F-11D3-BF4B-00C04F79EFBC}") = "Inara.Abp.OpenId.Blazor.WebAssembly", "modules\openid\Inara.Abp.OpenId.Blazor.WebAssembly\Inara.Abp.OpenId.Blazor.WebAssembly.csproj", "{80D1A65B-9938-45E8-A2C6-7BBB75844500}"
EndProject
Project("{FAE04EC0-301F-11D3-BF4B-00C04F79EFBC}") = "Inara.Abp.OpenId.EntityFrameworkCore", "modules\openid\Inara.Abp.OpenId.EntityFrameworkCore\Inara.Abp.OpenId.EntityFrameworkCore.csproj", "{AB679F1D-B516-40F8-BE9F-7B0BEAA02A81}"
EndProject
Project("{FAE04EC0-301F-11D3-BF4B-00C04F79EFBC}") = "Inara.Abp.OpenId.EntityFrameworkCore.PostgreSql", "modules\openid\Inara.Abp.OpenId.EntityFrameworkCore.PostgreSql\Inara.Abp.OpenId.EntityFrameworkCore.PostgreSql.csproj", "{85D7F3DD-3BED-4BFD-9540-3861C82FFA0F}"
EndProject
Global
	GlobalSection(SolutionConfigurationPlatforms) = preSolution
		Debug|Any CPU = Debug|Any CPU
		Debug|x64 = Debug|x64
		Debug|x86 = Debug|x86
		Release|Any CPU = Release|Any CPU
		Release|x64 = Release|x64
		Release|x86 = Release|x86
	EndGlobalSection
	GlobalSection(ProjectConfigurationPlatforms) = postSolution
		{6ABC41FC-0E66-4FDD-9C03-54D0E93B5157}.Debug|Any CPU.ActiveCfg = Debug|Any CPU
		{6ABC41FC-0E66-4FDD-9C03-54D0E93B5157}.Debug|Any CPU.Build.0 = Debug|Any CPU
		{6ABC41FC-0E66-4FDD-9C03-54D0E93B5157}.Debug|x64.ActiveCfg = Debug|Any CPU
		{6ABC41FC-0E66-4FDD-9C03-54D0E93B5157}.Debug|x64.Build.0 = Debug|Any CPU
		{6ABC41FC-0E66-4FDD-9C03-54D0E93B5157}.Debug|x86.ActiveCfg = Debug|Any CPU
		{6ABC41FC-0E66-4FDD-9C03-54D0E93B5157}.Debug|x86.Build.0 = Debug|Any CPU
		{6ABC41FC-0E66-4FDD-9C03-54D0E93B5157}.Release|Any CPU.ActiveCfg = Release|Any CPU
		{6ABC41FC-0E66-4FDD-9C03-54D0E93B5157}.Release|Any CPU.Build.0 = Release|Any CPU
		{6ABC41FC-0E66-4FDD-9C03-54D0E93B5157}.Release|x64.ActiveCfg = Release|Any CPU
		{6ABC41FC-0E66-4FDD-9C03-54D0E93B5157}.Release|x64.Build.0 = Release|Any CPU
		{6ABC41FC-0E66-4FDD-9C03-54D0E93B5157}.Release|x86.ActiveCfg = Release|Any CPU
		{6ABC41FC-0E66-4FDD-9C03-54D0E93B5157}.Release|x86.Build.0 = Release|Any CPU
		{27D394E2-F4F7-4BF3-A3F1-665DB932179D}.Debug|Any CPU.ActiveCfg = Debug|Any CPU
		{27D394E2-F4F7-4BF3-A3F1-665DB932179D}.Debug|Any CPU.Build.0 = Debug|Any CPU
		{27D394E2-F4F7-4BF3-A3F1-665DB932179D}.Debug|x64.ActiveCfg = Debug|Any CPU
		{27D394E2-F4F7-4BF3-A3F1-665DB932179D}.Debug|x64.Build.0 = Debug|Any CPU
		{27D394E2-F4F7-4BF3-A3F1-665DB932179D}.Debug|x86.ActiveCfg = Debug|Any CPU
		{27D394E2-F4F7-4BF3-A3F1-665DB932179D}.Debug|x86.Build.0 = Debug|Any CPU
		{27D394E2-F4F7-4BF3-A3F1-665DB932179D}.Release|Any CPU.ActiveCfg = Release|Any CPU
		{27D394E2-F4F7-4BF3-A3F1-665DB932179D}.Release|Any CPU.Build.0 = Release|Any CPU
		{27D394E2-F4F7-4BF3-A3F1-665DB932179D}.Release|x64.ActiveCfg = Release|Any CPU
		{27D394E2-F4F7-4BF3-A3F1-665DB932179D}.Release|x64.Build.0 = Release|Any CPU
		{27D394E2-F4F7-4BF3-A3F1-665DB932179D}.Release|x86.ActiveCfg = Release|Any CPU
		{27D394E2-F4F7-4BF3-A3F1-665DB932179D}.Release|x86.Build.0 = Release|Any CPU
		{D5E6F1D6-8387-4F24-A13F-BEAB7C80919A}.Debug|Any CPU.ActiveCfg = Debug|Any CPU
		{D5E6F1D6-8387-4F24-A13F-BEAB7C80919A}.Debug|Any CPU.Build.0 = Debug|Any CPU
		{D5E6F1D6-8387-4F24-A13F-BEAB7C80919A}.Debug|x64.ActiveCfg = Debug|Any CPU
		{D5E6F1D6-8387-4F24-A13F-BEAB7C80919A}.Debug|x64.Build.0 = Debug|Any CPU
		{D5E6F1D6-8387-4F24-A13F-BEAB7C80919A}.Debug|x86.ActiveCfg = Debug|Any CPU
		{D5E6F1D6-8387-4F24-A13F-BEAB7C80919A}.Debug|x86.Build.0 = Debug|Any CPU
		{D5E6F1D6-8387-4F24-A13F-BEAB7C80919A}.Release|Any CPU.ActiveCfg = Release|Any CPU
		{D5E6F1D6-8387-4F24-A13F-BEAB7C80919A}.Release|Any CPU.Build.0 = Release|Any CPU
		{D5E6F1D6-8387-4F24-A13F-BEAB7C80919A}.Release|x64.ActiveCfg = Release|Any CPU
		{D5E6F1D6-8387-4F24-A13F-BEAB7C80919A}.Release|x64.Build.0 = Release|Any CPU
		{D5E6F1D6-8387-4F24-A13F-BEAB7C80919A}.Release|x86.ActiveCfg = Release|Any CPU
		{D5E6F1D6-8387-4F24-A13F-BEAB7C80919A}.Release|x86.Build.0 = Release|Any CPU
		{80056F18-E45A-4AE6-8237-4015F304D462}.Debug|Any CPU.ActiveCfg = Debug|Any CPU
		{80056F18-E45A-4AE6-8237-4015F304D462}.Debug|Any CPU.Build.0 = Debug|Any CPU
		{80056F18-E45A-4AE6-8237-4015F304D462}.Debug|x64.ActiveCfg = Debug|Any CPU
		{80056F18-E45A-4AE6-8237-4015F304D462}.Debug|x64.Build.0 = Debug|Any CPU
		{80056F18-E45A-4AE6-8237-4015F304D462}.Debug|x86.ActiveCfg = Debug|Any CPU
		{80056F18-E45A-4AE6-8237-4015F304D462}.Debug|x86.Build.0 = Debug|Any CPU
		{80056F18-E45A-4AE6-8237-4015F304D462}.Release|Any CPU.ActiveCfg = Release|Any CPU
		{80056F18-E45A-4AE6-8237-4015F304D462}.Release|Any CPU.Build.0 = Release|Any CPU
		{80056F18-E45A-4AE6-8237-4015F304D462}.Release|x64.ActiveCfg = Release|Any CPU
		{80056F18-E45A-4AE6-8237-4015F304D462}.Release|x64.Build.0 = Release|Any CPU
		{80056F18-E45A-4AE6-8237-4015F304D462}.Release|x86.ActiveCfg = Release|Any CPU
		{80056F18-E45A-4AE6-8237-4015F304D462}.Release|x86.Build.0 = Release|Any CPU
		{DF4EC2D7-E83E-48C3-8271-53ED858D73EA}.Debug|Any CPU.ActiveCfg = Debug|Any CPU
		{DF4EC2D7-E83E-48C3-8271-53ED858D73EA}.Debug|Any CPU.Build.0 = Debug|Any CPU
		{DF4EC2D7-E83E-48C3-8271-53ED858D73EA}.Debug|x64.ActiveCfg = Debug|Any CPU
		{DF4EC2D7-E83E-48C3-8271-53ED858D73EA}.Debug|x64.Build.0 = Debug|Any CPU
		{DF4EC2D7-E83E-48C3-8271-53ED858D73EA}.Debug|x86.ActiveCfg = Debug|Any CPU
		{DF4EC2D7-E83E-48C3-8271-53ED858D73EA}.Debug|x86.Build.0 = Debug|Any CPU
		{DF4EC2D7-E83E-48C3-8271-53ED858D73EA}.Release|Any CPU.ActiveCfg = Release|Any CPU
		{DF4EC2D7-E83E-48C3-8271-53ED858D73EA}.Release|Any CPU.Build.0 = Release|Any CPU
		{DF4EC2D7-E83E-48C3-8271-53ED858D73EA}.Release|x64.ActiveCfg = Release|Any CPU
		{DF4EC2D7-E83E-48C3-8271-53ED858D73EA}.Release|x64.Build.0 = Release|Any CPU
		{DF4EC2D7-E83E-48C3-8271-53ED858D73EA}.Release|x86.ActiveCfg = Release|Any CPU
		{DF4EC2D7-E83E-48C3-8271-53ED858D73EA}.Release|x86.Build.0 = Release|Any CPU
		{8BAFEC87-4E78-4D4D-9864-B23EBB48FAB3}.Debug|Any CPU.ActiveCfg = Debug|Any CPU
		{8BAFEC87-4E78-4D4D-9864-B23EBB48FAB3}.Debug|Any CPU.Build.0 = Debug|Any CPU
		{8BAFEC87-4E78-4D4D-9864-B23EBB48FAB3}.Debug|x64.ActiveCfg = Debug|Any CPU
		{8BAFEC87-4E78-4D4D-9864-B23EBB48FAB3}.Debug|x64.Build.0 = Debug|Any CPU
		{8BAFEC87-4E78-4D4D-9864-B23EBB48FAB3}.Debug|x86.ActiveCfg = Debug|Any CPU
		{8BAFEC87-4E78-4D4D-9864-B23EBB48FAB3}.Debug|x86.Build.0 = Debug|Any CPU
		{8BAFEC87-4E78-4D4D-9864-B23EBB48FAB3}.Release|Any CPU.ActiveCfg = Release|Any CPU
		{8BAFEC87-4E78-4D4D-9864-B23EBB48FAB3}.Release|Any CPU.Build.0 = Release|Any CPU
		{8BAFEC87-4E78-4D4D-9864-B23EBB48FAB3}.Release|x64.ActiveCfg = Release|Any CPU
		{8BAFEC87-4E78-4D4D-9864-B23EBB48FAB3}.Release|x64.Build.0 = Release|Any CPU
		{8BAFEC87-4E78-4D4D-9864-B23EBB48FAB3}.Release|x86.ActiveCfg = Release|Any CPU
		{8BAFEC87-4E78-4D4D-9864-B23EBB48FAB3}.Release|x86.Build.0 = Release|Any CPU
		{176662A8-1F21-4300-AC6F-00DFEEFB0DB7}.Debug|Any CPU.ActiveCfg = Debug|Any CPU
		{176662A8-1F21-4300-AC6F-00DFEEFB0DB7}.Debug|Any CPU.Build.0 = Debug|Any CPU
		{176662A8-1F21-4300-AC6F-00DFEEFB0DB7}.Debug|x64.ActiveCfg = Debug|Any CPU
		{176662A8-1F21-4300-AC6F-00DFEEFB0DB7}.Debug|x64.Build.0 = Debug|Any CPU
		{176662A8-1F21-4300-AC6F-00DFEEFB0DB7}.Debug|x86.ActiveCfg = Debug|Any CPU
		{176662A8-1F21-4300-AC6F-00DFEEFB0DB7}.Debug|x86.Build.0 = Debug|Any CPU
		{176662A8-1F21-4300-AC6F-00DFEEFB0DB7}.Release|Any CPU.ActiveCfg = Release|Any CPU
		{176662A8-1F21-4300-AC6F-00DFEEFB0DB7}.Release|Any CPU.Build.0 = Release|Any CPU
		{176662A8-1F21-4300-AC6F-00DFEEFB0DB7}.Release|x64.ActiveCfg = Release|Any CPU
		{176662A8-1F21-4300-AC6F-00DFEEFB0DB7}.Release|x64.Build.0 = Release|Any CPU
		{176662A8-1F21-4300-AC6F-00DFEEFB0DB7}.Release|x86.ActiveCfg = Release|Any CPU
		{176662A8-1F21-4300-AC6F-00DFEEFB0DB7}.Release|x86.Build.0 = Release|Any CPU
		{77576A5B-CB27-433F-8523-8AB80F5D1C58}.Debug|Any CPU.ActiveCfg = Debug|Any CPU
		{77576A5B-CB27-433F-8523-8AB80F5D1C58}.Debug|Any CPU.Build.0 = Debug|Any CPU
		{77576A5B-CB27-433F-8523-8AB80F5D1C58}.Debug|x64.ActiveCfg = Debug|Any CPU
		{77576A5B-CB27-433F-8523-8AB80F5D1C58}.Debug|x64.Build.0 = Debug|Any CPU
		{77576A5B-CB27-433F-8523-8AB80F5D1C58}.Debug|x86.ActiveCfg = Debug|Any CPU
		{77576A5B-CB27-433F-8523-8AB80F5D1C58}.Debug|x86.Build.0 = Debug|Any CPU
		{77576A5B-CB27-433F-8523-8AB80F5D1C58}.Release|Any CPU.ActiveCfg = Release|Any CPU
		{77576A5B-CB27-433F-8523-8AB80F5D1C58}.Release|Any CPU.Build.0 = Release|Any CPU
		{77576A5B-CB27-433F-8523-8AB80F5D1C58}.Release|x64.ActiveCfg = Release|Any CPU
		{77576A5B-CB27-433F-8523-8AB80F5D1C58}.Release|x64.Build.0 = Release|Any CPU
		{77576A5B-CB27-433F-8523-8AB80F5D1C58}.Release|x86.ActiveCfg = Release|Any CPU
		{77576A5B-CB27-433F-8523-8AB80F5D1C58}.Release|x86.Build.0 = Release|Any CPU
		{3C213158-8053-4BC2-98E7-F4BA48E7E608}.Debug|Any CPU.ActiveCfg = Debug|Any CPU
		{3C213158-8053-4BC2-98E7-F4BA48E7E608}.Debug|Any CPU.Build.0 = Debug|Any CPU
		{3C213158-8053-4BC2-98E7-F4BA48E7E608}.Debug|x64.ActiveCfg = Debug|Any CPU
		{3C213158-8053-4BC2-98E7-F4BA48E7E608}.Debug|x64.Build.0 = Debug|Any CPU
		{3C213158-8053-4BC2-98E7-F4BA48E7E608}.Debug|x86.ActiveCfg = Debug|Any CPU
		{3C213158-8053-4BC2-98E7-F4BA48E7E608}.Debug|x86.Build.0 = Debug|Any CPU
		{3C213158-8053-4BC2-98E7-F4BA48E7E608}.Release|Any CPU.ActiveCfg = Release|Any CPU
		{3C213158-8053-4BC2-98E7-F4BA48E7E608}.Release|Any CPU.Build.0 = Release|Any CPU
		{3C213158-8053-4BC2-98E7-F4BA48E7E608}.Release|x64.ActiveCfg = Release|Any CPU
		{3C213158-8053-4BC2-98E7-F4BA48E7E608}.Release|x64.Build.0 = Release|Any CPU
		{3C213158-8053-4BC2-98E7-F4BA48E7E608}.Release|x86.ActiveCfg = Release|Any CPU
		{3C213158-8053-4BC2-98E7-F4BA48E7E608}.Release|x86.Build.0 = Release|Any CPU
		{7E4ABB9D-2623-434C-88C7-FE8038D721D8}.Debug|Any CPU.ActiveCfg = Debug|Any CPU
		{7E4ABB9D-2623-434C-88C7-FE8038D721D8}.Debug|Any CPU.Build.0 = Debug|Any CPU
		{7E4ABB9D-2623-434C-88C7-FE8038D721D8}.Debug|x64.ActiveCfg = Debug|Any CPU
		{7E4ABB9D-2623-434C-88C7-FE8038D721D8}.Debug|x64.Build.0 = Debug|Any CPU
		{7E4ABB9D-2623-434C-88C7-FE8038D721D8}.Debug|x86.ActiveCfg = Debug|Any CPU
		{7E4ABB9D-2623-434C-88C7-FE8038D721D8}.Debug|x86.Build.0 = Debug|Any CPU
		{7E4ABB9D-2623-434C-88C7-FE8038D721D8}.Release|Any CPU.ActiveCfg = Release|Any CPU
		{7E4ABB9D-2623-434C-88C7-FE8038D721D8}.Release|Any CPU.Build.0 = Release|Any CPU
		{7E4ABB9D-2623-434C-88C7-FE8038D721D8}.Release|x64.ActiveCfg = Release|Any CPU
		{7E4ABB9D-2623-434C-88C7-FE8038D721D8}.Release|x64.Build.0 = Release|Any CPU
		{7E4ABB9D-2623-434C-88C7-FE8038D721D8}.Release|x86.ActiveCfg = Release|Any CPU
		{7E4ABB9D-2623-434C-88C7-FE8038D721D8}.Release|x86.Build.0 = Release|Any CPU
		{ABEABC49-C230-4DA1-B574-4658C8A6219B}.Debug|Any CPU.ActiveCfg = Debug|Any CPU
		{ABEABC49-C230-4DA1-B574-4658C8A6219B}.Debug|Any CPU.Build.0 = Debug|Any CPU
		{ABEABC49-C230-4DA1-B574-4658C8A6219B}.Debug|x64.ActiveCfg = Debug|Any CPU
		{ABEABC49-C230-4DA1-B574-4658C8A6219B}.Debug|x64.Build.0 = Debug|Any CPU
		{ABEABC49-C230-4DA1-B574-4658C8A6219B}.Debug|x86.ActiveCfg = Debug|Any CPU
		{ABEABC49-C230-4DA1-B574-4658C8A6219B}.Debug|x86.Build.0 = Debug|Any CPU
		{ABEABC49-C230-4DA1-B574-4658C8A6219B}.Release|Any CPU.ActiveCfg = Release|Any CPU
		{ABEABC49-C230-4DA1-B574-4658C8A6219B}.Release|Any CPU.Build.0 = Release|Any CPU
		{ABEABC49-C230-4DA1-B574-4658C8A6219B}.Release|x64.ActiveCfg = Release|Any CPU
		{ABEABC49-C230-4DA1-B574-4658C8A6219B}.Release|x64.Build.0 = Release|Any CPU
		{ABEABC49-C230-4DA1-B574-4658C8A6219B}.Release|x86.ActiveCfg = Release|Any CPU
		{ABEABC49-C230-4DA1-B574-4658C8A6219B}.Release|x86.Build.0 = Release|Any CPU
		{015D3EE6-165A-47F8-AF8A-04E0B11B7F0A}.Debug|Any CPU.ActiveCfg = Debug|Any CPU
		{015D3EE6-165A-47F8-AF8A-04E0B11B7F0A}.Debug|Any CPU.Build.0 = Debug|Any CPU
		{015D3EE6-165A-47F8-AF8A-04E0B11B7F0A}.Debug|x64.ActiveCfg = Debug|Any CPU
		{015D3EE6-165A-47F8-AF8A-04E0B11B7F0A}.Debug|x64.Build.0 = Debug|Any CPU
		{015D3EE6-165A-47F8-AF8A-04E0B11B7F0A}.Debug|x86.ActiveCfg = Debug|Any CPU
		{015D3EE6-165A-47F8-AF8A-04E0B11B7F0A}.Debug|x86.Build.0 = Debug|Any CPU
		{015D3EE6-165A-47F8-AF8A-04E0B11B7F0A}.Release|Any CPU.ActiveCfg = Release|Any CPU
		{015D3EE6-165A-47F8-AF8A-04E0B11B7F0A}.Release|Any CPU.Build.0 = Release|Any CPU
		{015D3EE6-165A-47F8-AF8A-04E0B11B7F0A}.Release|x64.ActiveCfg = Release|Any CPU
		{015D3EE6-165A-47F8-AF8A-04E0B11B7F0A}.Release|x64.Build.0 = Release|Any CPU
		{015D3EE6-165A-47F8-AF8A-04E0B11B7F0A}.Release|x86.ActiveCfg = Release|Any CPU
		{015D3EE6-165A-47F8-AF8A-04E0B11B7F0A}.Release|x86.Build.0 = Release|Any CPU
		{00053C00-1716-4594-9BC0-0884AF45B8C6}.Debug|Any CPU.ActiveCfg = Debug|Any CPU
		{00053C00-1716-4594-9BC0-0884AF45B8C6}.Debug|Any CPU.Build.0 = Debug|Any CPU
		{00053C00-1716-4594-9BC0-0884AF45B8C6}.Debug|x64.ActiveCfg = Debug|Any CPU
		{00053C00-1716-4594-9BC0-0884AF45B8C6}.Debug|x64.Build.0 = Debug|Any CPU
		{00053C00-1716-4594-9BC0-0884AF45B8C6}.Debug|x86.ActiveCfg = Debug|Any CPU
		{00053C00-1716-4594-9BC0-0884AF45B8C6}.Debug|x86.Build.0 = Debug|Any CPU
		{00053C00-1716-4594-9BC0-0884AF45B8C6}.Release|Any CPU.ActiveCfg = Release|Any CPU
		{00053C00-1716-4594-9BC0-0884AF45B8C6}.Release|Any CPU.Build.0 = Release|Any CPU
		{00053C00-1716-4594-9BC0-0884AF45B8C6}.Release|x64.ActiveCfg = Release|Any CPU
		{00053C00-1716-4594-9BC0-0884AF45B8C6}.Release|x64.Build.0 = Release|Any CPU
		{00053C00-1716-4594-9BC0-0884AF45B8C6}.Release|x86.ActiveCfg = Release|Any CPU
		{00053C00-1716-4594-9BC0-0884AF45B8C6}.Release|x86.Build.0 = Release|Any CPU
		{29C917BB-A4B3-4125-A45E-3395F24D01DB}.Debug|Any CPU.ActiveCfg = Debug|Any CPU
		{29C917BB-A4B3-4125-A45E-3395F24D01DB}.Debug|Any CPU.Build.0 = Debug|Any CPU
		{29C917BB-A4B3-4125-A45E-3395F24D01DB}.Debug|x64.ActiveCfg = Debug|Any CPU
		{29C917BB-A4B3-4125-A45E-3395F24D01DB}.Debug|x64.Build.0 = Debug|Any CPU
		{29C917BB-A4B3-4125-A45E-3395F24D01DB}.Debug|x86.ActiveCfg = Debug|Any CPU
		{29C917BB-A4B3-4125-A45E-3395F24D01DB}.Debug|x86.Build.0 = Debug|Any CPU
		{29C917BB-A4B3-4125-A45E-3395F24D01DB}.Release|Any CPU.ActiveCfg = Release|Any CPU
		{29C917BB-A4B3-4125-A45E-3395F24D01DB}.Release|Any CPU.Build.0 = Release|Any CPU
		{29C917BB-A4B3-4125-A45E-3395F24D01DB}.Release|x64.ActiveCfg = Release|Any CPU
		{29C917BB-A4B3-4125-A45E-3395F24D01DB}.Release|x64.Build.0 = Release|Any CPU
		{29C917BB-A4B3-4125-A45E-3395F24D01DB}.Release|x86.ActiveCfg = Release|Any CPU
		{29C917BB-A4B3-4125-A45E-3395F24D01DB}.Release|x86.Build.0 = Release|Any CPU
		{80D1A65B-9938-45E8-A2C6-7BBB75844500}.Debug|Any CPU.ActiveCfg = Debug|Any CPU
		{80D1A65B-9938-45E8-A2C6-7BBB75844500}.Debug|Any CPU.Build.0 = Debug|Any CPU
		{80D1A65B-9938-45E8-A2C6-7BBB75844500}.Debug|x64.ActiveCfg = Debug|Any CPU
		{80D1A65B-9938-45E8-A2C6-7BBB75844500}.Debug|x64.Build.0 = Debug|Any CPU
		{80D1A65B-9938-45E8-A2C6-7BBB75844500}.Debug|x86.ActiveCfg = Debug|Any CPU
		{80D1A65B-9938-45E8-A2C6-7BBB75844500}.Debug|x86.Build.0 = Debug|Any CPU
		{80D1A65B-9938-45E8-A2C6-7BBB75844500}.Release|Any CPU.ActiveCfg = Release|Any CPU
		{80D1A65B-9938-45E8-A2C6-7BBB75844500}.Release|Any CPU.Build.0 = Release|Any CPU
		{80D1A65B-9938-45E8-A2C6-7BBB75844500}.Release|x64.ActiveCfg = Release|Any CPU
		{80D1A65B-9938-45E8-A2C6-7BBB75844500}.Release|x64.Build.0 = Release|Any CPU
		{80D1A65B-9938-45E8-A2C6-7BBB75844500}.Release|x86.ActiveCfg = Release|Any CPU
		{80D1A65B-9938-45E8-A2C6-7BBB75844500}.Release|x86.Build.0 = Release|Any CPU
		{AB679F1D-B516-40F8-BE9F-7B0BEAA02A81}.Debug|Any CPU.ActiveCfg = Debug|Any CPU
		{AB679F1D-B516-40F8-BE9F-7B0BEAA02A81}.Debug|Any CPU.Build.0 = Debug|Any CPU
		{AB679F1D-B516-40F8-BE9F-7B0BEAA02A81}.Debug|x64.ActiveCfg = Debug|Any CPU
		{AB679F1D-B516-40F8-BE9F-7B0BEAA02A81}.Debug|x64.Build.0 = Debug|Any CPU
		{AB679F1D-B516-40F8-BE9F-7B0BEAA02A81}.Debug|x86.ActiveCfg = Debug|Any CPU
		{AB679F1D-B516-40F8-BE9F-7B0BEAA02A81}.Debug|x86.Build.0 = Debug|Any CPU
		{AB679F1D-B516-40F8-BE9F-7B0BEAA02A81}.Release|Any CPU.ActiveCfg = Release|Any CPU
		{AB679F1D-B516-40F8-BE9F-7B0BEAA02A81}.Release|Any CPU.Build.0 = Release|Any CPU
		{AB679F1D-B516-40F8-BE9F-7B0BEAA02A81}.Release|x64.ActiveCfg = Release|Any CPU
		{AB679F1D-B516-40F8-BE9F-7B0BEAA02A81}.Release|x64.Build.0 = Release|Any CPU
		{AB679F1D-B516-40F8-BE9F-7B0BEAA02A81}.Release|x86.ActiveCfg = Release|Any CPU
		{AB679F1D-B516-40F8-BE9F-7B0BEAA02A81}.Release|x86.Build.0 = Release|Any CPU
		{85D7F3DD-3BED-4BFD-9540-3861C82FFA0F}.Debug|Any CPU.ActiveCfg = Debug|Any CPU
		{85D7F3DD-3BED-4BFD-9540-3861C82FFA0F}.Debug|Any CPU.Build.0 = Debug|Any CPU
		{85D7F3DD-3BED-4BFD-9540-3861C82FFA0F}.Debug|x64.ActiveCfg = Debug|Any CPU
		{85D7F3DD-3BED-4BFD-9540-3861C82FFA0F}.Debug|x64.Build.0 = Debug|Any CPU
		{85D7F3DD-3BED-4BFD-9540-3861C82FFA0F}.Debug|x86.ActiveCfg = Debug|Any CPU
		{85D7F3DD-3BED-4BFD-9540-3861C82FFA0F}.Debug|x86.Build.0 = Debug|Any CPU
		{85D7F3DD-3BED-4BFD-9540-3861C82FFA0F}.Release|Any CPU.ActiveCfg = Release|Any CPU
		{85D7F3DD-3BED-4BFD-9540-3861C82FFA0F}.Release|Any CPU.Build.0 = Release|Any CPU
		{85D7F3DD-3BED-4BFD-9540-3861C82FFA0F}.Release|x64.ActiveCfg = Release|Any CPU
		{85D7F3DD-3BED-4BFD-9540-3861C82FFA0F}.Release|x64.Build.0 = Release|Any CPU
		{85D7F3DD-3BED-4BFD-9540-3861C82FFA0F}.Release|x86.ActiveCfg = Release|Any CPU
		{85D7F3DD-3BED-4BFD-9540-3861C82FFA0F}.Release|x86.Build.0 = Release|Any CPU
	EndGlobalSection
	GlobalSection(SolutionProperties) = preSolution
		HideSolutionNode = FALSE
	EndGlobalSection
	GlobalSection(NestedProjects) = preSolution
		{B4671DAC-FBD9-40A9-B713-DB18A1389F8B} = {D61CDC5E-83BC-4161-BF8D-7D5AB4ADF69C}
		{6ABC41FC-0E66-4FDD-9C03-54D0E93B5157} = {B4671DAC-FBD9-40A9-B713-DB18A1389F8B}
		{27D394E2-F4F7-4BF3-A3F1-665DB932179D} = {B4671DAC-FBD9-40A9-B713-DB18A1389F8B}
		{D5E6F1D6-8387-4F24-A13F-BEAB7C80919A} = {B4671DAC-FBD9-40A9-B713-DB18A1389F8B}
		{80056F18-E45A-4AE6-8237-4015F304D462} = {B4671DAC-FBD9-40A9-B713-DB18A1389F8B}
		{DF4EC2D7-E83E-48C3-8271-53ED858D73EA} = {B4671DAC-FBD9-40A9-B713-DB18A1389F8B}
		{8BAFEC87-4E78-4D4D-9864-B23EBB48FAB3} = {B4671DAC-FBD9-40A9-B713-DB18A1389F8B}
		{176662A8-1F21-4300-AC6F-00DFEEFB0DB7} = {B4671DAC-FBD9-40A9-B713-DB18A1389F8B}
		{77576A5B-CB27-433F-8523-8AB80F5D1C58} = {B4671DAC-FBD9-40A9-B713-DB18A1389F8B}
		{3C213158-8053-4BC2-98E7-F4BA48E7E608} = {B4671DAC-FBD9-40A9-B713-DB18A1389F8B}
		{7E4ABB9D-2623-434C-88C7-FE8038D721D8} = {B4671DAC-FBD9-40A9-B713-DB18A1389F8B}
		{ABEABC49-C230-4DA1-B574-4658C8A6219B} = {B4671DAC-FBD9-40A9-B713-DB18A1389F8B}
		{015D3EE6-165A-47F8-AF8A-04E0B11B7F0A} = {B4671DAC-FBD9-40A9-B713-DB18A1389F8B}
		{00053C00-1716-4594-9BC0-0884AF45B8C6} = {B4671DAC-FBD9-40A9-B713-DB18A1389F8B}
		{DF441E07-160A-4B84-9E80-A44D2FFB2FF1} = {BC31D937-DA6B-429A-B9CD-E05BA81FAF90}
		{29C917BB-A4B3-4125-A45E-3395F24D01DB} = {DF441E07-160A-4B84-9E80-A44D2FFB2FF1}
		{80D1A65B-9938-45E8-A2C6-7BBB75844500} = {DF441E07-160A-4B84-9E80-A44D2FFB2FF1}
		{AB679F1D-B516-40F8-BE9F-7B0BEAA02A81} = {DF441E07-160A-4B84-9E80-A44D2FFB2FF1}
		{85D7F3DD-3BED-4BFD-9540-3861C82FFA0F} = {DF441E07-160A-4B84-9E80-A44D2FFB2FF1}
	EndGlobalSection
	GlobalSection(ExtensibilityGlobals) = postSolution
		SolutionGuid = {C840F9A2-D356-44DF-A147-FC2559D4CC64}
	EndGlobalSection
EndGlobal
